
Microsoft Visual Studio Solution File, Format Version 12.00
# Visual Studio Version 16
VisualStudioVersion = 16.0.30804.86
MinimumVisualStudioVersion = 10.0.40219.1
Project("{9A19103F-16F7-4668-BE54-9A1E7A4F7556}") = "DepsWebApp", "DepsWebApp\DepsWebApp.csproj", "{12088CAD-2B4A-451C-A0E6-71F447434048}"
EndProject
Project("{2150E333-8FDC-42A3-9474-1A3956D46DE8}") = "Solution Items", "Solution Items", "{F7B17E66-86FB-43F8-90B9-AB3B48FA95A6}"
	ProjectSection(SolutionItems) = preProject
		.editorconfig = .editorconfig
	EndProjectSection
EndProject
Project("{FAE04EC0-301F-11D3-BF4B-00C04F79EFBC}") = "DepsTestApp", "DepsTestApp\DepsTestApp.csproj", "{F7E03656-F195-48EE-A6E4-6E62260C5F50}"
EndProject
Global
	GlobalSection(SolutionConfigurationPlatforms) = preSolution
		Debug|Any CPU = Debug|Any CPU
		Release|Any CPU = Release|Any CPU
	EndGlobalSection
	GlobalSection(ProjectConfigurationPlatforms) = postSolution
		{12088CAD-2B4A-451C-A0E6-71F447434048}.Debug|Any CPU.ActiveCfg = Debug|Any CPU
		{12088CAD-2B4A-451C-A0E6-71F447434048}.Debug|Any CPU.Build.0 = Debug|Any CPU
		{12088CAD-2B4A-451C-A0E6-71F447434048}.Release|Any CPU.ActiveCfg = Release|Any CPU
		{12088CAD-2B4A-451C-A0E6-71F447434048}.Release|Any CPU.Build.0 = Release|Any CPU
		{F7E03656-F195-48EE-A6E4-6E62260C5F50}.Debug|Any CPU.ActiveCfg = Debug|Any CPU
		{F7E03656-F195-48EE-A6E4-6E62260C5F50}.Debug|Any CPU.Build.0 = Debug|Any CPU
		{F7E03656-F195-48EE-A6E4-6E62260C5F50}.Release|Any CPU.ActiveCfg = Release|Any CPU
		{F7E03656-F195-48EE-A6E4-6E62260C5F50}.Release|Any CPU.Build.0 = Release|Any CPU
	EndGlobalSection
	GlobalSection(SolutionProperties) = preSolution
		HideSolutionNode = FALSE
	EndGlobalSection
	GlobalSection(ExtensibilityGlobals) = postSolution
		SolutionGuid = {9AA309EE-7326-490C-9232-42591C474E5C}
	EndGlobalSection
EndGlobal
